
Microsoft Visual Studio Solution File, Format Version 12.00
# Visual Studio Version 17
VisualStudioVersion = 17.9.34728.123
MinimumVisualStudioVersion = 10.0.40219.1
Project("{9A19103F-16F7-4668-BE54-9A1E7A4F7556}") = "YektamakWeb", "YektamakWeb\YektamakWeb.csproj", "{195FC77C-DAB4-44F9-9378-619A30AC2F20}"
EndProject
Project("{9A19103F-16F7-4668-BE54-9A1E7A4F7556}") = "Utilities", "GlobalData\Utilities.csproj", "{31809FBC-4648-4F14-99D5-E54AF23812D2}"
EndProject
Project("{FAE04EC0-301F-11D3-BF4B-00C04F79EFBC}") = "Api", "FinansalTakipWebApiCore\Api.csproj", "{550F3112-250D-42FC-9C0A-B84462AAFD8E}"
EndProject
Project("{FAE04EC0-301F-11D3-BF4B-00C04F79EFBC}") = "Models", "Domain.Models\Models.csproj", "{07723E92-8F30-4DEC-A971-2018CAF58DD8}"
EndProject
Project("{FAE04EC0-301F-11D3-BF4B-00C04F79EFBC}") = "ApiService", "WebMethods\ApiService.csproj", "{A0B3969C-B8EC-4D59-9DDE-C2C8C1BB6E90}"
EndProject
Global
	GlobalSection(SolutionConfigurationPlatforms) = preSolution
		Debug|Any CPU = Debug|Any CPU
		Release|Any CPU = Release|Any CPU
	EndGlobalSection
	GlobalSection(ProjectConfigurationPlatforms) = postSolution
		{195FC77C-DAB4-44F9-9378-619A30AC2F20}.Debug|Any CPU.ActiveCfg = Debug|Any CPU
		{195FC77C-DAB4-44F9-9378-619A30AC2F20}.Debug|Any CPU.Build.0 = Debug|Any CPU
		{195FC77C-DAB4-44F9-9378-619A30AC2F20}.Release|Any CPU.ActiveCfg = Release|Any CPU
		{195FC77C-DAB4-44F9-9378-619A30AC2F20}.Release|Any CPU.Build.0 = Release|Any CPU
		{31809FBC-4648-4F14-99D5-E54AF23812D2}.Debug|Any CPU.ActiveCfg = Debug|Any CPU
		{31809FBC-4648-4F14-99D5-E54AF23812D2}.Debug|Any CPU.Build.0 = Debug|Any CPU
		{31809FBC-4648-4F14-99D5-E54AF23812D2}.Release|Any CPU.ActiveCfg = Release|Any CPU
		{31809FBC-4648-4F14-99D5-E54AF23812D2}.Release|Any CPU.Build.0 = Release|Any CPU
		{550F3112-250D-42FC-9C0A-B84462AAFD8E}.Debug|Any CPU.ActiveCfg = Debug|Any CPU
		{550F3112-250D-42FC-9C0A-B84462AAFD8E}.Debug|Any CPU.Build.0 = Debug|Any CPU
		{550F3112-250D-42FC-9C0A-B84462AAFD8E}.Release|Any CPU.ActiveCfg = Release|Any CPU
		{550F3112-250D-42FC-9C0A-B84462AAFD8E}.Release|Any CPU.Build.0 = Release|Any CPU
		{07723E92-8F30-4DEC-A971-2018CAF58DD8}.Debug|Any CPU.ActiveCfg = Debug|Any CPU
		{07723E92-8F30-4DEC-A971-2018CAF58DD8}.Debug|Any CPU.Build.0 = Debug|Any CPU
		{07723E92-8F30-4DEC-A971-2018CAF58DD8}.Release|Any CPU.ActiveCfg = Release|Any CPU
		{07723E92-8F30-4DEC-A971-2018CAF58DD8}.Release|Any CPU.Build.0 = Release|Any CPU
		{A0B3969C-B8EC-4D59-9DDE-C2C8C1BB6E90}.Debug|Any CPU.ActiveCfg = Debug|Any CPU
		{A0B3969C-B8EC-4D59-9DDE-C2C8C1BB6E90}.Debug|Any CPU.Build.0 = Debug|Any CPU
		{A0B3969C-B8EC-4D59-9DDE-C2C8C1BB6E90}.Release|Any CPU.ActiveCfg = Release|Any CPU
		{A0B3969C-B8EC-4D59-9DDE-C2C8C1BB6E90}.Release|Any CPU.Build.0 = Release|Any CPU
	EndGlobalSection
	GlobalSection(SolutionProperties) = preSolution
		HideSolutionNode = FALSE
	EndGlobalSection
	GlobalSection(ExtensibilityGlobals) = postSolution
		SolutionGuid = {DCD5AA7F-0B23-452C-934F-74495137BA58}
	EndGlobalSection
EndGlobal
